# This file was autogenerated by uv via the following command:
#    uv pip compile pyproject.toml --no-emit-package torch --constraint requirements.lock --python-version 3.14 -o /tmp/worker_new.lock
annotated-types==0.7.0
    # via
    #   -c requirements.lock
    #   pydantic
cuda-bindings==13.2.0
    # via
    #   -c requirements.lock
    #   torch
cuda-pathfinder==1.5.4
    # via
    #   -c requirements.lock
    #   cuda-bindings
cuda-toolkit==13.0.2
    # via
    #   -c requirements.lock
    #   torch
filelock==3.29.0
    # via
    #   -c requirements.lock
    #   torch
fsspec==2026.4.0
    # via
    #   -c requirements.lock
    #   torch
jinja2==3.1.6
    # via
    #   -c requirements.lock
    #   torch
juniper-cascor-model==0.1.0
    # via juniper-cascor-worker (pyproject.toml)
juniper-cascor-protocol==0.1.0
    # via
    #   -c requirements.lock
    #   juniper-cascor-worker (pyproject.toml)
juniper-config-tools==0.1.0
    # via
    #   -c requirements.lock
    #   juniper-cascor-worker (pyproject.toml)
markupsafe==3.0.3
    # via
    #   -c requirements.lock
    #   jinja2
mpmath==1.3.0
    # via
    #   -c requirements.lock
    #   sympy
networkx==3.6.1
    # via
    #   -c requirements.lock
    #   torch
numpy==2.4.6
    # via
    #   -c requirements.lock
    #   juniper-cascor-worker (pyproject.toml)
    #   juniper-cascor-model
    #   juniper-cascor-protocol
nvidia-cublas==13.1.1.3
    # via
    #   -c requirements.lock
    #   nvidia-cudnn-cu13
    #   nvidia-cusolver
    #   torch
nvidia-cuda-cupti==13.0.85
    # via
    #   -c requirements.lock
    #   cuda-toolkit
nvidia-cuda-nvrtc==13.0.88
    # via
    #   -c requirements.lock
    #   cuda-toolkit
    #   nvidia-cublas
nvidia-cuda-runtime==13.0.96
    # via
    #   -c requirements.lock
    #   cuda-toolkit
nvidia-cudnn-cu13==9.20.0.48
    # via
    #   -c requirements.lock
    #   torch
nvidia-cufft==12.0.0.61
    # via
    #   -c requirements.lock
    #   cuda-toolkit
nvidia-cufile==1.15.1.6
    # via
    #   -c requirements.lock
    #   cuda-toolkit
nvidia-curand==10.4.0.35
    # via
    #   -c requirements.lock
    #   cuda-toolkit
nvidia-cusolver==12.0.4.66
    # via
    #   -c requirements.lock
    #   cuda-toolkit
nvidia-cusparse==12.6.3.3
    # via
    #   -c requirements.lock
    #   cuda-toolkit
    #   nvidia-cusolver
nvidia-cusparselt-cu13==0.8.1
    # via
    #   -c requirements.lock
    #   torch
nvidia-nccl-cu13==2.29.7
    # via
    #   -c requirements.lock
    #   torch
nvidia-nvjitlink==13.0.88
    # via
    #   -c requirements.lock
    #   cuda-toolkit
    #   nvidia-cufft
    #   nvidia-cusolver
    #   nvidia-cusparse
nvidia-nvshmem-cu13==3.4.5
    # via
    #   -c requirements.lock
    #   torch
nvidia-nvtx==13.0.85
    # via
    #   -c requirements.lock
    #   cuda-toolkit
pydantic==2.13.4
    # via
    #   -c requirements.lock
    #   juniper-cascor-protocol
pydantic-core==2.46.4
    # via
    #   -c requirements.lock
    #   pydantic
pyyaml==6.0.3
    # via juniper-cascor-model
setuptools==81.0.0
    # via
    #   -c requirements.lock
    #   torch
sympy==1.14.0
    # via
    #   -c requirements.lock
    #   torch
triton==3.7.0
    # via
    #   -c requirements.lock
    #   torch
typing-extensions==4.15.0
    # via
    #   -c requirements.lock
    #   pydantic
    #   pydantic-core
    #   torch
    #   typing-inspection
typing-inspection==0.4.2
    # via
    #   -c requirements.lock
    #   pydantic
websockets==16.0
    # via
    #   -c requirements.lock
    #   juniper-cascor-worker (pyproject.toml)

# The following packages were excluded from the output:
# torch
